// !$*UTF8*$!
{
	archiveVersion = 1;
	classes = {
	};
	objectVersion = 48;
	objects = {

/* Begin PBXBuildFile section */
		1C028B991F270C8D00517033 /* Event.swift in Sources */ = {isa = PBXBuildFile; fileRef = 1C028B981F270C8D00517033 /* Event.swift */; };
		1C02DE731F24341C0069915B /* AppDelegate.swift in Sources */ = {isa = PBXBuildFile; fileRef = 1C02DE721F24341C0069915B /* AppDelegate.swift */; };
		1C02DE751F24341C0069915B /* ExploreViewController.swift in Sources */ = {isa = PBXBuildFile; fileRef = 1C02DE741F24341C0069915B /* ExploreViewController.swift */; };
		1C02DE771F24341C0069915B /* PendingViewController.swift in Sources */ = {isa = PBXBuildFile; fileRef = 1C02DE761F24341C0069915B /* PendingViewController.swift */; };
		1C02DE7A1F24341C0069915B /* Main.storyboard in Resources */ = {isa = PBXBuildFile; fileRef = 1C02DE781F24341C0069915B /* Main.storyboard */; };
		1C02DE7C1F24341C0069915B /* Assets.xcassets in Resources */ = {isa = PBXBuildFile; fileRef = 1C02DE7B1F24341C0069915B /* Assets.xcassets */; };
		1C02DE7F1F24341C0069915B /* LaunchScreen.storyboard in Resources */ = {isa = PBXBuildFile; fileRef = 1C02DE7D1F24341C0069915B /* LaunchScreen.storyboard */; };
		1C02DE8A1F24341C0069915B /* JackpotTests.swift in Sources */ = {isa = PBXBuildFile; fileRef = 1C02DE891F24341C0069915B /* JackpotTests.swift */; };
		1C02DE951F2435640069915B /* AcceptedViewController.swift in Sources */ = {isa = PBXBuildFile; fileRef = 1C02DE941F2435640069915B /* AcceptedViewController.swift */; };
		1C02DE971F24358A0069915B /* ProfileViewController.swift in Sources */ = {isa = PBXBuildFile; fileRef = 1C02DE961F24358A0069915B /* ProfileViewController.swift */; };
		1C02DE9D1F243E730069915B /* TabBarViewController.swift in Sources */ = {isa = PBXBuildFile; fileRef = 1C02DE9C1F243E730069915B /* TabBarViewController.swift */; };
		1C02DE9F1F243EBF0069915B /* Authentication.swift in Sources */ = {isa = PBXBuildFile; fileRef = 1C02DE9E1F243EBF0069915B /* Authentication.swift */; };
		1C02DEA21F243F1A0069915B /* TODO.txt in Resources */ = {isa = PBXBuildFile; fileRef = 1C02DEA11F243F1A0069915B /* TODO.txt */; };
		1C02DEA41F2441A70069915B /* User.swift in Sources */ = {isa = PBXBuildFile; fileRef = 1C02DEA31F2441A70069915B /* User.swift */; };
		1C02DEA61F244C0E0069915B /* LoginViewController.swift in Sources */ = {isa = PBXBuildFile; fileRef = 1C02DEA51F244C0E0069915B /* LoginViewController.swift */; };
		1C02DEA81F24513B0069915B /* UIViewExtension.swift in Sources */ = {isa = PBXBuildFile; fileRef = 1C02DEA71F24513B0069915B /* UIViewExtension.swift */; };
		1C02DEAC1F245D090069915B /* JPHttpClient.swift in Sources */ = {isa = PBXBuildFile; fileRef = 1C02DEAB1F245D090069915B /* JPHttpClient.swift */; };
		1C02DEAF1F245D6F0069915B /* AuthenticationDTO.swift in Sources */ = {isa = PBXBuildFile; fileRef = 1C02DEAE1F245D6F0069915B /* AuthenticationDTO.swift */; };
		1C23A1731F27150C005BC8CE /* ExploreViewControllerExtensions.swift in Sources */ = {isa = PBXBuildFile; fileRef = 1C23A1721F27150C005BC8CE /* ExploreViewControllerExtensions.swift */; };
		1C47C9421F27117B00D6316F /* ExploreEventCollectionViewCell.swift in Sources */ = {isa = PBXBuildFile; fileRef = 1C47C9411F27117B00D6316F /* ExploreEventCollectionViewCell.swift */; };
		1C54B7BC1F27FA850076DA1C /* PendingViewControllerExtensions.swift in Sources */ = {isa = PBXBuildFile; fileRef = 1C54B7BB1F27FA850076DA1C /* PendingViewControllerExtensions.swift */; };
		1C54B7BE1F27FDD50076DA1C /* PendingEventCollectionViewCell.swift in Sources */ = {isa = PBXBuildFile; fileRef = 1C54B7BD1F27FDD50076DA1C /* PendingEventCollectionViewCell.swift */; };
		1C54B7C01F2801CA0076DA1C /* AcceptedEventCollectionViewCell.swift in Sources */ = {isa = PBXBuildFile; fileRef = 1C54B7BF1F2801CA0076DA1C /* AcceptedEventCollectionViewCell.swift */; };
		1C54B7C21F2801F50076DA1C /* AcceptedViewControllerExtensions.swift in Sources */ = {isa = PBXBuildFile; fileRef = 1C54B7C11F2801F50076DA1C /* AcceptedViewControllerExtensions.swift */; };
		1C8E393C1F26A612001388A4 /* Group.swift in Sources */ = {isa = PBXBuildFile; fileRef = 1C8E393B1F26A611001388A4 /* Group.swift */; };
		1C8E393E1F26ACB2001388A4 /* ProfileViewModelItemType.swift in Sources */ = {isa = PBXBuildFile; fileRef = 1C8E393D1F26ACB2001388A4 /* ProfileViewModelItemType.swift */; };
		1C8E39401F26ADA5001388A4 /* ProfileViewModelItem.swift in Sources */ = {isa = PBXBuildFile; fileRef = 1C8E393F1F26ADA5001388A4 /* ProfileViewModelItem.swift */; };
		1C8E39421F26AE51001388A4 /* ProfileViewModelItemExtension.swift in Sources */ = {isa = PBXBuildFile; fileRef = 1C8E39411F26AE51001388A4 /* ProfileViewModelItemExtension.swift */; };
		1C8E39441F26AECE001388A4 /* ProfileViewModelUserInfoItem.swift in Sources */ = {isa = PBXBuildFile; fileRef = 1C8E39431F26AECE001388A4 /* ProfileViewModelUserInfoItem.swift */; };
		1C8E39461F26AFCF001388A4 /* ProfileViewModelGroupItem.swift in Sources */ = {isa = PBXBuildFile; fileRef = 1C8E39451F26AFCF001388A4 /* ProfileViewModelGroupItem.swift */; };
		1C8E39491F26B0AA001388A4 /* ProfileViewModel.swift in Sources */ = {isa = PBXBuildFile; fileRef = 1C8E39481F26B0AA001388A4 /* ProfileViewModel.swift */; };
		1C8E39581F26BE5C001388A4 /* UserInfoTableViewCell.swift in Sources */ = {isa = PBXBuildFile; fileRef = 1C8E39561F26BE5C001388A4 /* UserInfoTableViewCell.swift */; };
		1C8E39591F26BE5C001388A4 /* UserInfoTableViewCell.xib in Resources */ = {isa = PBXBuildFile; fileRef = 1C8E39571F26BE5C001388A4 /* UserInfoTableViewCell.xib */; };
		1C8E395C1F26C058001388A4 /* GroupTableViewCell.swift in Sources */ = {isa = PBXBuildFile; fileRef = 1C8E395A1F26C058001388A4 /* GroupTableViewCell.swift */; };
		1C8E395D1F26C058001388A4 /* GroupTableViewCell.xib in Resources */ = {isa = PBXBuildFile; fileRef = 1C8E395B1F26C058001388A4 /* GroupTableViewCell.xib */; };
		1C8E395F1F26C50E001388A4 /* ProfileViewModelExtension.swift in Sources */ = {isa = PBXBuildFile; fileRef = 1C8E395E1F26C50E001388A4 /* ProfileViewModelExtension.swift */; };
		1C9746DB1F267274009AD854 /* SignupViewController.swift in Sources */ = {isa = PBXBuildFile; fileRef = 1C9746DA1F267274009AD854 /* SignupViewController.swift */; };
		1CD3DDEB1F283BB600916CE3 /* CreateGroupViewController.swift in Sources */ = {isa = PBXBuildFile; fileRef = 1CD3DDEA1F283BB600916CE3 /* CreateGroupViewController.swift */; };
		1CF677CC1F2A683800D2E543 /* PopDatePicker.swift in Sources */ = {isa = PBXBuildFile; fileRef = 1CF677CB1F2A683800D2E543 /* PopDatePicker.swift */; };
		1CF677D31F2A68B900D2E543 /* PopDateViewController.swift in Sources */ = {isa = PBXBuildFile; fileRef = 1CF677D11F2A68B900D2E543 /* PopDateViewController.swift */; };
		1CF677D41F2A68B900D2E543 /* PopDateViewController.xib in Resources */ = {isa = PBXBuildFile; fileRef = 1CF677D21F2A68B900D2E543 /* PopDateViewController.xib */; };
		272959CB1F2851EC00F843C9 /* CreateEventViewController.swift in Sources */ = {isa = PBXBuildFile; fileRef = 272959CA1F2851EC00F843C9 /* CreateEventViewController.swift */; };
		2754D5B41F291ACF00D710A0 /* PopPickerViewController.swift in Sources */ = {isa = PBXBuildFile; fileRef = 2754D5B21F291ACF00D710A0 /* PopPickerViewController.swift */; };
		2754D5B51F291ACF00D710A0 /* PopPickerViewController.xib in Resources */ = {isa = PBXBuildFile; fileRef = 2754D5B31F291ACF00D710A0 /* PopPickerViewController.xib */; };
		2754D5B71F291FD200D710A0 /* PopPicker.swift in Sources */ = {isa = PBXBuildFile; fileRef = 2754D5B61F291FD200D710A0 /* PopPicker.swift */; };
		2754D5B91F2959B800D710A0 /* GroupsDTO.swift in Sources */ = {isa = PBXBuildFile; fileRef = 2754D5B81F2959B800D710A0 /* GroupsDTO.swift */; };
		2754D5BB1F29661A00D710A0 /* GroupDTO.swift in Sources */ = {isa = PBXBuildFile; fileRef = 2754D5BA1F29661A00D710A0 /* GroupDTO.swift */; };
		2754D5BD1F2972F700D710A0 /* EventsDTO.swift in Sources */ = {isa = PBXBuildFile; fileRef = 2754D5BC1F2972F700D710A0 /* EventsDTO.swift */; };
		27AE9ED81F29954400FBB814 /* EventDTO.swift in Sources */ = {isa = PBXBuildFile; fileRef = 27AE9ED71F29954400FBB814 /* EventDTO.swift */; };
		27F8650B1F287F5F0058DE9D /* DateExtensions.swift in Sources */ = {isa = PBXBuildFile; fileRef = 27F8650A1F287F5F0058DE9D /* DateExtensions.swift */; };
		3A203C77D0ED4376CA627359 /* Pods_JackpotTests.framework in Frameworks */ = {isa = PBXBuildFile; fileRef = 47AD67CA846AC3FAA1E00AD7 /* Pods_JackpotTests.framework */; };
		F0F61507CB7D58C22EC58402 /* Pods_Jackpot.framework in Frameworks */ = {isa = PBXBuildFile; fileRef = 0A50CF5089F85A0A747637C9 /* Pods_Jackpot.framework */; };
/* End PBXBuildFile section */

/* Begin PBXContainerItemProxy section */
		1C02DE861F24341C0069915B /* PBXContainerItemProxy */ = {
			isa = PBXContainerItemProxy;
			containerPortal = 1C02DE671F24341B0069915B /* Project object */;
			proxyType = 1;
			remoteGlobalIDString = 1C02DE6E1F24341C0069915B;
			remoteInfo = Jackpot;
		};
/* End PBXContainerItemProxy section */

/* Begin PBXFileReference section */
		0A50CF5089F85A0A747637C9 /* Pods_Jackpot.framework */ = {isa = PBXFileReference; explicitFileType = wrapper.framework; includeInIndex = 0; path = Pods_Jackpot.framework; sourceTree = BUILT_PRODUCTS_DIR; };
		1C028B981F270C8D00517033 /* Event.swift */ = {isa = PBXFileReference; lastKnownFileType = sourcecode.swift; path = Event.swift; sourceTree = "<group>"; };
		1C02DE6F1F24341C0069915B /* Jackpot.app */ = {isa = PBXFileReference; explicitFileType = wrapper.application; includeInIndex = 0; path = Jackpot.app; sourceTree = BUILT_PRODUCTS_DIR; };
		1C02DE721F24341C0069915B /* AppDelegate.swift */ = {isa = PBXFileReference; lastKnownFileType = sourcecode.swift; path = AppDelegate.swift; sourceTree = "<group>"; };
		1C02DE741F24341C0069915B /* ExploreViewController.swift */ = {isa = PBXFileReference; lastKnownFileType = sourcecode.swift; path = ExploreViewController.swift; sourceTree = "<group>"; };
		1C02DE761F24341C0069915B /* PendingViewController.swift */ = {isa = PBXFileReference; lastKnownFileType = sourcecode.swift; path = PendingViewController.swift; sourceTree = "<group>"; };
		1C02DE791F24341C0069915B /* Base */ = {isa = PBXFileReference; lastKnownFileType = file.storyboard; name = Base; path = Base.lproj/Main.storyboard; sourceTree = "<group>"; };
		1C02DE7B1F24341C0069915B /* Assets.xcassets */ = {isa = PBXFileReference; lastKnownFileType = folder.assetcatalog; path = Assets.xcassets; sourceTree = "<group>"; };
		1C02DE7E1F24341C0069915B /* Base */ = {isa = PBXFileReference; lastKnownFileType = file.storyboard; name = Base; path = Base.lproj/LaunchScreen.storyboard; sourceTree = "<group>"; };
		1C02DE801F24341C0069915B /* Info.plist */ = {isa = PBXFileReference; lastKnownFileType = text.plist.xml; path = Info.plist; sourceTree = "<group>"; };
		1C02DE851F24341C0069915B /* JackpotTests.xctest */ = {isa = PBXFileReference; explicitFileType = wrapper.cfbundle; includeInIndex = 0; path = JackpotTests.xctest; sourceTree = BUILT_PRODUCTS_DIR; };
		1C02DE891F24341C0069915B /* JackpotTests.swift */ = {isa = PBXFileReference; lastKnownFileType = sourcecode.swift; path = JackpotTests.swift; sourceTree = "<group>"; };
		1C02DE8B1F24341C0069915B /* Info.plist */ = {isa = PBXFileReference; lastKnownFileType = text.plist.xml; path = Info.plist; sourceTree = "<group>"; };
		1C02DE941F2435640069915B /* AcceptedViewController.swift */ = {isa = PBXFileReference; lastKnownFileType = sourcecode.swift; path = AcceptedViewController.swift; sourceTree = "<group>"; };
		1C02DE961F24358A0069915B /* ProfileViewController.swift */ = {isa = PBXFileReference; lastKnownFileType = sourcecode.swift; path = ProfileViewController.swift; sourceTree = "<group>"; };
		1C02DE9C1F243E730069915B /* TabBarViewController.swift */ = {isa = PBXFileReference; lastKnownFileType = sourcecode.swift; path = TabBarViewController.swift; sourceTree = "<group>"; };
		1C02DE9E1F243EBF0069915B /* Authentication.swift */ = {isa = PBXFileReference; lastKnownFileType = sourcecode.swift; path = Authentication.swift; sourceTree = "<group>"; };
		1C02DEA11F243F1A0069915B /* TODO.txt */ = {isa = PBXFileReference; lastKnownFileType = text; path = TODO.txt; sourceTree = "<group>"; };
		1C02DEA31F2441A70069915B /* User.swift */ = {isa = PBXFileReference; lastKnownFileType = sourcecode.swift; path = User.swift; sourceTree = "<group>"; };
		1C02DEA51F244C0E0069915B /* LoginViewController.swift */ = {isa = PBXFileReference; lastKnownFileType = sourcecode.swift; path = LoginViewController.swift; sourceTree = "<group>"; };
		1C02DEA71F24513B0069915B /* UIViewExtension.swift */ = {isa = PBXFileReference; lastKnownFileType = sourcecode.swift; path = UIViewExtension.swift; sourceTree = "<group>"; };
		1C02DEAA1F245C660069915B /* Podfile */ = {isa = PBXFileReference; lastKnownFileType = text; path = Podfile; sourceTree = "<group>"; };
		1C02DEAB1F245D090069915B /* JPHttpClient.swift */ = {isa = PBXFileReference; lastKnownFileType = sourcecode.swift; path = JPHttpClient.swift; sourceTree = "<group>"; };
		1C02DEAE1F245D6F0069915B /* AuthenticationDTO.swift */ = {isa = PBXFileReference; lastKnownFileType = sourcecode.swift; path = AuthenticationDTO.swift; sourceTree = "<group>"; };
		1C23A1721F27150C005BC8CE /* ExploreViewControllerExtensions.swift */ = {isa = PBXFileReference; lastKnownFileType = sourcecode.swift; path = ExploreViewControllerExtensions.swift; sourceTree = "<group>"; };
		1C47C9411F27117B00D6316F /* ExploreEventCollectionViewCell.swift */ = {isa = PBXFileReference; lastKnownFileType = sourcecode.swift; path = ExploreEventCollectionViewCell.swift; sourceTree = "<group>"; };
		1C54B7BB1F27FA850076DA1C /* PendingViewControllerExtensions.swift */ = {isa = PBXFileReference; lastKnownFileType = sourcecode.swift; path = PendingViewControllerExtensions.swift; sourceTree = "<group>"; };
		1C54B7BD1F27FDD50076DA1C /* PendingEventCollectionViewCell.swift */ = {isa = PBXFileReference; lastKnownFileType = sourcecode.swift; path = PendingEventCollectionViewCell.swift; sourceTree = "<group>"; };
		1C54B7BF1F2801CA0076DA1C /* AcceptedEventCollectionViewCell.swift */ = {isa = PBXFileReference; lastKnownFileType = sourcecode.swift; path = AcceptedEventCollectionViewCell.swift; sourceTree = "<group>"; };
		1C54B7C11F2801F50076DA1C /* AcceptedViewControllerExtensions.swift */ = {isa = PBXFileReference; lastKnownFileType = sourcecode.swift; path = AcceptedViewControllerExtensions.swift; sourceTree = "<group>"; };
		1C8E393B1F26A611001388A4 /* Group.swift */ = {isa = PBXFileReference; lastKnownFileType = sourcecode.swift; path = Group.swift; sourceTree = "<group>"; };
		1C8E393D1F26ACB2001388A4 /* ProfileViewModelItemType.swift */ = {isa = PBXFileReference; lastKnownFileType = sourcecode.swift; path = ProfileViewModelItemType.swift; sourceTree = "<group>"; };
		1C8E393F1F26ADA5001388A4 /* ProfileViewModelItem.swift */ = {isa = PBXFileReference; lastKnownFileType = sourcecode.swift; path = ProfileViewModelItem.swift; sourceTree = "<group>"; };
		1C8E39411F26AE51001388A4 /* ProfileViewModelItemExtension.swift */ = {isa = PBXFileReference; lastKnownFileType = sourcecode.swift; path = ProfileViewModelItemExtension.swift; sourceTree = "<group>"; };
		1C8E39431F26AECE001388A4 /* ProfileViewModelUserInfoItem.swift */ = {isa = PBXFileReference; lastKnownFileType = sourcecode.swift; path = ProfileViewModelUserInfoItem.swift; sourceTree = "<group>"; };
		1C8E39451F26AFCF001388A4 /* ProfileViewModelGroupItem.swift */ = {isa = PBXFileReference; lastKnownFileType = sourcecode.swift; path = ProfileViewModelGroupItem.swift; sourceTree = "<group>"; };
		1C8E39481F26B0AA001388A4 /* ProfileViewModel.swift */ = {isa = PBXFileReference; lastKnownFileType = sourcecode.swift; path = ProfileViewModel.swift; sourceTree = "<group>"; };
		1C8E39561F26BE5C001388A4 /* UserInfoTableViewCell.swift */ = {isa = PBXFileReference; lastKnownFileType = sourcecode.swift; path = UserInfoTableViewCell.swift; sourceTree = "<group>"; };
		1C8E39571F26BE5C001388A4 /* UserInfoTableViewCell.xib */ = {isa = PBXFileReference; lastKnownFileType = file.xib; path = UserInfoTableViewCell.xib; sourceTree = "<group>"; };
		1C8E395A1F26C058001388A4 /* GroupTableViewCell.swift */ = {isa = PBXFileReference; lastKnownFileType = sourcecode.swift; path = GroupTableViewCell.swift; sourceTree = "<group>"; };
		1C8E395B1F26C058001388A4 /* GroupTableViewCell.xib */ = {isa = PBXFileReference; lastKnownFileType = file.xib; path = GroupTableViewCell.xib; sourceTree = "<group>"; };
		1C8E395E1F26C50E001388A4 /* ProfileViewModelExtension.swift */ = {isa = PBXFileReference; lastKnownFileType = sourcecode.swift; path = ProfileViewModelExtension.swift; sourceTree = "<group>"; };
		1C9746DA1F267274009AD854 /* SignupViewController.swift */ = {isa = PBXFileReference; lastKnownFileType = sourcecode.swift; path = SignupViewController.swift; sourceTree = "<group>"; };
		1CD3DDEA1F283BB600916CE3 /* CreateGroupViewController.swift */ = {isa = PBXFileReference; lastKnownFileType = sourcecode.swift; path = CreateGroupViewController.swift; sourceTree = "<group>"; };
		1CF677CB1F2A683800D2E543 /* PopDatePicker.swift */ = {isa = PBXFileReference; lastKnownFileType = sourcecode.swift; path = PopDatePicker.swift; sourceTree = "<group>"; };
		1CF677D11F2A68B900D2E543 /* PopDateViewController.swift */ = {isa = PBXFileReference; lastKnownFileType = sourcecode.swift; path = PopDateViewController.swift; sourceTree = "<group>"; };
		1CF677D21F2A68B900D2E543 /* PopDateViewController.xib */ = {isa = PBXFileReference; lastKnownFileType = file.xib; path = PopDateViewController.xib; sourceTree = "<group>"; };
		1F960D45400F3577CF6843DC /* Pods-Jackpot.debug.xcconfig */ = {isa = PBXFileReference; includeInIndex = 1; lastKnownFileType = text.xcconfig; name = "Pods-Jackpot.debug.xcconfig"; path = "Pods/Target Support Files/Pods-Jackpot/Pods-Jackpot.debug.xcconfig"; sourceTree = "<group>"; };
		22BA640684B7E0DA4C307478 /* Pods-JackpotTests.debug.xcconfig */ = {isa = PBXFileReference; includeInIndex = 1; lastKnownFileType = text.xcconfig; name = "Pods-JackpotTests.debug.xcconfig"; path = "Pods/Target Support Files/Pods-JackpotTests/Pods-JackpotTests.debug.xcconfig"; sourceTree = "<group>"; };
		272959CA1F2851EC00F843C9 /* CreateEventViewController.swift */ = {isa = PBXFileReference; lastKnownFileType = sourcecode.swift; path = CreateEventViewController.swift; sourceTree = "<group>"; };
		2754D5B21F291ACF00D710A0 /* PopPickerViewController.swift */ = {isa = PBXFileReference; lastKnownFileType = sourcecode.swift; path = PopPickerViewController.swift; sourceTree = "<group>"; };
		2754D5B31F291ACF00D710A0 /* PopPickerViewController.xib */ = {isa = PBXFileReference; lastKnownFileType = file.xib; path = PopPickerViewController.xib; sourceTree = "<group>"; };
		2754D5B61F291FD200D710A0 /* PopPicker.swift */ = {isa = PBXFileReference; lastKnownFileType = sourcecode.swift; path = PopPicker.swift; sourceTree = "<group>"; };
		2754D5B81F2959B800D710A0 /* GroupsDTO.swift */ = {isa = PBXFileReference; lastKnownFileType = sourcecode.swift; path = GroupsDTO.swift; sourceTree = "<group>"; };
		2754D5BA1F29661A00D710A0 /* GroupDTO.swift */ = {isa = PBXFileReference; lastKnownFileType = sourcecode.swift; path = GroupDTO.swift; sourceTree = "<group>"; };
		2754D5BC1F2972F700D710A0 /* EventsDTO.swift */ = {isa = PBXFileReference; lastKnownFileType = sourcecode.swift; path = EventsDTO.swift; sourceTree = "<group>"; };
		27AE9ED71F29954400FBB814 /* EventDTO.swift */ = {isa = PBXFileReference; lastKnownFileType = sourcecode.swift; path = EventDTO.swift; sourceTree = "<group>"; };
		27F8650A1F287F5F0058DE9D /* DateExtensions.swift */ = {isa = PBXFileReference; lastKnownFileType = sourcecode.swift; path = DateExtensions.swift; sourceTree = "<group>"; };
		47AD67CA846AC3FAA1E00AD7 /* Pods_JackpotTests.framework */ = {isa = PBXFileReference; explicitFileType = wrapper.framework; includeInIndex = 0; path = Pods_JackpotTests.framework; sourceTree = BUILT_PRODUCTS_DIR; };
		63CC9F8AD1171DC02C0D8075 /* Pods-JackpotTests.release.xcconfig */ = {isa = PBXFileReference; includeInIndex = 1; lastKnownFileType = text.xcconfig; name = "Pods-JackpotTests.release.xcconfig"; path = "Pods/Target Support Files/Pods-JackpotTests/Pods-JackpotTests.release.xcconfig"; sourceTree = "<group>"; };
		75B0F194E72E39DE5F0821A8 /* Pods-Jackpot.release.xcconfig */ = {isa = PBXFileReference; includeInIndex = 1; lastKnownFileType = text.xcconfig; name = "Pods-Jackpot.release.xcconfig"; path = "Pods/Target Support Files/Pods-Jackpot/Pods-Jackpot.release.xcconfig"; sourceTree = "<group>"; };
/* End PBXFileReference section */

/* Begin PBXFrameworksBuildPhase section */
		1C02DE6C1F24341C0069915B /* Frameworks */ = {
			isa = PBXFrameworksBuildPhase;
			buildActionMask = 2147483647;
			files = (
				F0F61507CB7D58C22EC58402 /* Pods_Jackpot.framework in Frameworks */,
			);
			runOnlyForDeploymentPostprocessing = 0;
		};
		1C02DE821F24341C0069915B /* Frameworks */ = {
			isa = PBXFrameworksBuildPhase;
			buildActionMask = 2147483647;
			files = (
				3A203C77D0ED4376CA627359 /* Pods_JackpotTests.framework in Frameworks */,
			);
			runOnlyForDeploymentPostprocessing = 0;
		};
/* End PBXFrameworksBuildPhase section */

/* Begin PBXGroup section */
		1C02DE661F24341B0069915B = {
			isa = PBXGroup;
			children = (
				1C02DEAA1F245C660069915B /* Podfile */,
				1C02DE711F24341C0069915B /* Jackpot */,
				1C02DE881F24341C0069915B /* JackpotTests */,
				1C02DE701F24341C0069915B /* Products */,
				3BFD09A4B0FA723367DBCB05 /* Pods */,
				3D0A0912FB6CC1745A5A6C8E /* Frameworks */,
			);
			sourceTree = "<group>";
		};
		1C02DE701F24341C0069915B /* Products */ = {
			isa = PBXGroup;
			children = (
				1C02DE6F1F24341C0069915B /* Jackpot.app */,
				1C02DE851F24341C0069915B /* JackpotTests.xctest */,
			);
			name = Products;
			sourceTree = "<group>";
		};
		1C02DE711F24341C0069915B /* Jackpot */ = {
			isa = PBXGroup;
			children = (
				27F865031F287D8E0058DE9D /* PopupPicker */,
				1C8E394D1F26B683001388A4 /* Views */,
				1C8E39471F26B082001388A4 /* ViewModels */,
				1C02DEA91F24560F0069915B /* Extensions */,
				1C02DEA01F243EE90069915B /* Models */,
				1C02DE991F2439B40069915B /* Utilities */,
				1C02DE981F2439980069915B /* ViewControllers */,
				1C02DE721F24341C0069915B /* AppDelegate.swift */,
				1C02DE781F24341C0069915B /* Main.storyboard */,
				1C02DE7B1F24341C0069915B /* Assets.xcassets */,
				1C02DE7D1F24341C0069915B /* LaunchScreen.storyboard */,
				1C02DE801F24341C0069915B /* Info.plist */,
				1C02DEA11F243F1A0069915B /* TODO.txt */,
			);
			path = Jackpot;
			sourceTree = "<group>";
		};
		1C02DE881F24341C0069915B /* JackpotTests */ = {
			isa = PBXGroup;
			children = (
				1C02DE891F24341C0069915B /* JackpotTests.swift */,
				1C02DE8B1F24341C0069915B /* Info.plist */,
			);
			path = JackpotTests;
			sourceTree = "<group>";
		};
		1C02DE981F2439980069915B /* ViewControllers */ = {
			isa = PBXGroup;
			children = (
				1C02DE961F24358A0069915B /* ProfileViewController.swift */,
				1C02DE741F24341C0069915B /* ExploreViewController.swift */,
				1C02DE761F24341C0069915B /* PendingViewController.swift */,
				1C02DE941F2435640069915B /* AcceptedViewController.swift */,
				1C02DE9C1F243E730069915B /* TabBarViewController.swift */,
				1C02DEA51F244C0E0069915B /* LoginViewController.swift */,
				1C9746DA1F267274009AD854 /* SignupViewController.swift */,
				1CD3DDEA1F283BB600916CE3 /* CreateGroupViewController.swift */,
				272959CA1F2851EC00F843C9 /* CreateEventViewController.swift */,
			);
			path = ViewControllers;
			sourceTree = "<group>";
		};
		1C02DE991F2439B40069915B /* Utilities */ = {
			isa = PBXGroup;
			children = (
				1C02DE9E1F243EBF0069915B /* Authentication.swift */,
				1C02DEAB1F245D090069915B /* JPHttpClient.swift */,
			);
			path = Utilities;
			sourceTree = "<group>";
		};
		1C02DEA01F243EE90069915B /* Models */ = {
			isa = PBXGroup;
			children = (
				1C02DEAD1F245D610069915B /* DTOs */,
				1C02DEA31F2441A70069915B /* User.swift */,
				1C8E393B1F26A611001388A4 /* Group.swift */,
				1C028B981F270C8D00517033 /* Event.swift */,
			);
			path = Models;
			sourceTree = "<group>";
		};
		1C02DEA91F24560F0069915B /* Extensions */ = {
			isa = PBXGroup;
			children = (
				1C02DEA71F24513B0069915B /* UIViewExtension.swift */,
				1C8E39411F26AE51001388A4 /* ProfileViewModelItemExtension.swift */,
				1C8E395E1F26C50E001388A4 /* ProfileViewModelExtension.swift */,
				1C23A1721F27150C005BC8CE /* ExploreViewControllerExtensions.swift */,
				1C54B7BB1F27FA850076DA1C /* PendingViewControllerExtensions.swift */,
				1C54B7C11F2801F50076DA1C /* AcceptedViewControllerExtensions.swift */,
				27F8650A1F287F5F0058DE9D /* DateExtensions.swift */,
			);
			path = Extensions;
			sourceTree = "<group>";
		};
		1C02DEAD1F245D610069915B /* DTOs */ = {
			isa = PBXGroup;
			children = (
				1C02DEAE1F245D6F0069915B /* AuthenticationDTO.swift */,
				2754D5B81F2959B800D710A0 /* GroupsDTO.swift */,
				2754D5BA1F29661A00D710A0 /* GroupDTO.swift */,
				2754D5BC1F2972F700D710A0 /* EventsDTO.swift */,
				27AE9ED71F29954400FBB814 /* EventDTO.swift */,
			);
			path = DTOs;
			sourceTree = "<group>";
		};
		1C8E39471F26B082001388A4 /* ViewModels */ = {
			isa = PBXGroup;
			children = (
				1C8E394A1F26B0AF001388A4 /* Profile */,
			);
			path = ViewModels;
			sourceTree = "<group>";
		};
		1C8E394A1F26B0AF001388A4 /* Profile */ = {
			isa = PBXGroup;
			children = (
				1C8E393D1F26ACB2001388A4 /* ProfileViewModelItemType.swift */,
				1C8E393F1F26ADA5001388A4 /* ProfileViewModelItem.swift */,
				1C8E39431F26AECE001388A4 /* ProfileViewModelUserInfoItem.swift */,
				1C8E39451F26AFCF001388A4 /* ProfileViewModelGroupItem.swift */,
				1C8E39481F26B0AA001388A4 /* ProfileViewModel.swift */,
			);
			path = Profile;
			sourceTree = "<group>";
		};
		1C8E394D1F26B683001388A4 /* Views */ = {
			isa = PBXGroup;
			children = (
				1C8E39561F26BE5C001388A4 /* UserInfoTableViewCell.swift */,
				1C8E39571F26BE5C001388A4 /* UserInfoTableViewCell.xib */,
				1C8E395A1F26C058001388A4 /* GroupTableViewCell.swift */,
				1C8E395B1F26C058001388A4 /* GroupTableViewCell.xib */,
				1C47C9411F27117B00D6316F /* ExploreEventCollectionViewCell.swift */,
				1C54B7BD1F27FDD50076DA1C /* PendingEventCollectionViewCell.swift */,
				1C54B7BF1F2801CA0076DA1C /* AcceptedEventCollectionViewCell.swift */,
			);
			path = Views;
			sourceTree = "<group>";
		};
		27F865031F287D8E0058DE9D /* PopupPicker */ = {
			isa = PBXGroup;
			children = (
				2754D5B21F291ACF00D710A0 /* PopPickerViewController.swift */,
				2754D5B31F291ACF00D710A0 /* PopPickerViewController.xib */,
				2754D5B61F291FD200D710A0 /* PopPicker.swift */,
				1CF677CB1F2A683800D2E543 /* PopDatePicker.swift */,
				1CF677D11F2A68B900D2E543 /* PopDateViewController.swift */,
				1CF677D21F2A68B900D2E543 /* PopDateViewController.xib */,
			);
			path = PopupPicker;
			sourceTree = "<group>";
		};
		3BFD09A4B0FA723367DBCB05 /* Pods */ = {
			isa = PBXGroup;
			children = (
				1F960D45400F3577CF6843DC /* Pods-Jackpot.debug.xcconfig */,
				75B0F194E72E39DE5F0821A8 /* Pods-Jackpot.release.xcconfig */,
				22BA640684B7E0DA4C307478 /* Pods-JackpotTests.debug.xcconfig */,
				63CC9F8AD1171DC02C0D8075 /* Pods-JackpotTests.release.xcconfig */,
			);
			name = Pods;
			sourceTree = "<group>";
		};
		3D0A0912FB6CC1745A5A6C8E /* Frameworks */ = {
			isa = PBXGroup;
			children = (
				0A50CF5089F85A0A747637C9 /* Pods_Jackpot.framework */,
				47AD67CA846AC3FAA1E00AD7 /* Pods_JackpotTests.framework */,
			);
			name = Frameworks;
			sourceTree = "<group>";
		};
/* End PBXGroup section */

/* Begin PBXNativeTarget section */
		1C02DE6E1F24341C0069915B /* Jackpot */ = {
			isa = PBXNativeTarget;
			buildConfigurationList = 1C02DE8E1F24341C0069915B /* Build configuration list for PBXNativeTarget "Jackpot" */;
			buildPhases = (
				66681048CF4F80E8E7C2E2CC /* [CP] Check Pods Manifest.lock */,
				1C02DE6B1F24341C0069915B /* Sources */,
				1C02DE6C1F24341C0069915B /* Frameworks */,
				1C02DE6D1F24341C0069915B /* Resources */,
				79BB282635FEEBAFD5D2BDE0 /* [CP] Embed Pods Frameworks */,
				2FDCDB3B8D2887F973842B2D /* [CP] Copy Pods Resources */,
			);
			buildRules = (
			);
			dependencies = (
			);
			name = Jackpot;
			productName = Jackpot;
			productReference = 1C02DE6F1F24341C0069915B /* Jackpot.app */;
			productType = "com.apple.product-type.application";
		};
		1C02DE841F24341C0069915B /* JackpotTests */ = {
			isa = PBXNativeTarget;
			buildConfigurationList = 1C02DE911F24341C0069915B /* Build configuration list for PBXNativeTarget "JackpotTests" */;
			buildPhases = (
				77E12FF82C04A807AECCC783 /* [CP] Check Pods Manifest.lock */,
				1C02DE811F24341C0069915B /* Sources */,
				1C02DE821F24341C0069915B /* Frameworks */,
				1C02DE831F24341C0069915B /* Resources */,
				A3A1E458C968A290C03313BF /* [CP] Embed Pods Frameworks */,
				CE9BD2FF770A55126A003D9B /* [CP] Copy Pods Resources */,
			);
			buildRules = (
			);
			dependencies = (
				1C02DE871F24341C0069915B /* PBXTargetDependency */,
			);
			name = JackpotTests;
			productName = JackpotTests;
			productReference = 1C02DE851F24341C0069915B /* JackpotTests.xctest */;
			productType = "com.apple.product-type.bundle.unit-test";
		};
/* End PBXNativeTarget section */

/* Begin PBXProject section */
		1C02DE671F24341B0069915B /* Project object */ = {
			isa = PBXProject;
			attributes = {
				LastSwiftUpdateCheck = 0900;
				LastUpgradeCheck = 0900;
				ORGANIZATIONNAME = self;
				TargetAttributes = {
					1C02DE6E1F24341C0069915B = {
						CreatedOnToolsVersion = 9.0;
					};
					1C02DE841F24341C0069915B = {
						CreatedOnToolsVersion = 9.0;
						TestTargetID = 1C02DE6E1F24341C0069915B;
					};
				};
			};
			buildConfigurationList = 1C02DE6A1F24341B0069915B /* Build configuration list for PBXProject "Jackpot" */;
			compatibilityVersion = "Xcode 8.0";
			developmentRegion = en;
			hasScannedForEncodings = 0;
			knownRegions = (
				en,
				Base,
			);
			mainGroup = 1C02DE661F24341B0069915B;
			productRefGroup = 1C02DE701F24341C0069915B /* Products */;
			projectDirPath = "";
			projectRoot = "";
			targets = (
				1C02DE6E1F24341C0069915B /* Jackpot */,
				1C02DE841F24341C0069915B /* JackpotTests */,
			);
		};
/* End PBXProject section */

/* Begin PBXResourcesBuildPhase section */
		1C02DE6D1F24341C0069915B /* Resources */ = {
			isa = PBXResourcesBuildPhase;
			buildActionMask = 2147483647;
			files = (
				2754D5B51F291ACF00D710A0 /* PopPickerViewController.xib in Resources */,
				1C8E39591F26BE5C001388A4 /* UserInfoTableViewCell.xib in Resources */,
				1C8E395D1F26C058001388A4 /* GroupTableViewCell.xib in Resources */,
				1C02DEA21F243F1A0069915B /* TODO.txt in Resources */,
				1C02DE7F1F24341C0069915B /* LaunchScreen.storyboard in Resources */,
				1C02DE7C1F24341C0069915B /* Assets.xcassets in Resources */,
				1CF677D41F2A68B900D2E543 /* PopDateViewController.xib in Resources */,
				1C02DE7A1F24341C0069915B /* Main.storyboard in Resources */,
			);
			runOnlyForDeploymentPostprocessing = 0;
		};
		1C02DE831F24341C0069915B /* Resources */ = {
			isa = PBXResourcesBuildPhase;
			buildActionMask = 2147483647;
			files = (
			);
			runOnlyForDeploymentPostprocessing = 0;
		};
/* End PBXResourcesBuildPhase section */

/* Begin PBXShellScriptBuildPhase section */
		2FDCDB3B8D2887F973842B2D /* [CP] Copy Pods Resources */ = {
			isa = PBXShellScriptBuildPhase;
			buildActionMask = 2147483647;
			files = (
			);
			inputPaths = (
			);
			name = "[CP] Copy Pods Resources";
			outputPaths = (
			);
			runOnlyForDeploymentPostprocessing = 0;
			shellPath = /bin/sh;
			shellScript = "\"${SRCROOT}/Pods/Target Support Files/Pods-Jackpot/Pods-Jackpot-resources.sh\"\n";
			showEnvVarsInLog = 0;
		};
		66681048CF4F80E8E7C2E2CC /* [CP] Check Pods Manifest.lock */ = {
			isa = PBXShellScriptBuildPhase;
			buildActionMask = 2147483647;
			files = (
			);
			inputPaths = (
			);
			name = "[CP] Check Pods Manifest.lock";
			outputPaths = (
			);
			runOnlyForDeploymentPostprocessing = 0;
			shellPath = /bin/sh;
			shellScript = "diff \"${PODS_PODFILE_DIR_PATH}/Podfile.lock\" \"${PODS_ROOT}/Manifest.lock\" > /dev/null\nif [ $? != 0 ] ; then\n    # print error to STDERR\n    echo \"error: The sandbox is not in sync with the Podfile.lock. Run 'pod install' or update your CocoaPods installation.\" >&2\n    exit 1\nfi\n";
			showEnvVarsInLog = 0;
		};
		77E12FF82C04A807AECCC783 /* [CP] Check Pods Manifest.lock */ = {
			isa = PBXShellScriptBuildPhase;
			buildActionMask = 2147483647;
			files = (
			);
			inputPaths = (
			);
			name = "[CP] Check Pods Manifest.lock";
			outputPaths = (
			);
			runOnlyForDeploymentPostprocessing = 0;
			shellPath = /bin/sh;
			shellScript = "diff \"${PODS_PODFILE_DIR_PATH}/Podfile.lock\" \"${PODS_ROOT}/Manifest.lock\" > /dev/null\nif [ $? != 0 ] ; then\n    # print error to STDERR\n    echo \"error: The sandbox is not in sync with the Podfile.lock. Run 'pod install' or update your CocoaPods installation.\" >&2\n    exit 1\nfi\n";
			showEnvVarsInLog = 0;
		};
		79BB282635FEEBAFD5D2BDE0 /* [CP] Embed Pods Frameworks */ = {
			isa = PBXShellScriptBuildPhase;
			buildActionMask = 2147483647;
			files = (
			);
			inputPaths = (
			);
			name = "[CP] Embed Pods Frameworks";
			outputPaths = (
			);
			runOnlyForDeploymentPostprocessing = 0;
			shellPath = /bin/sh;
			shellScript = "\"${SRCROOT}/Pods/Target Support Files/Pods-Jackpot/Pods-Jackpot-frameworks.sh\"\n";
			showEnvVarsInLog = 0;
		};
		A3A1E458C968A290C03313BF /* [CP] Embed Pods Frameworks */ = {
			isa = PBXShellScriptBuildPhase;
			buildActionMask = 2147483647;
			files = (
			);
			inputPaths = (
			);
			name = "[CP] Embed Pods Frameworks";
			outputPaths = (
			);
			runOnlyForDeploymentPostprocessing = 0;
			shellPath = /bin/sh;
			shellScript = "\"${SRCROOT}/Pods/Target Support Files/Pods-JackpotTests/Pods-JackpotTests-frameworks.sh\"\n";
			showEnvVarsInLog = 0;
		};
		CE9BD2FF770A55126A003D9B /* [CP] Copy Pods Resources */ = {
			isa = PBXShellScriptBuildPhase;
			buildActionMask = 2147483647;
			files = (
			);
			inputPaths = (
			);
			name = "[CP] Copy Pods Resources";
			outputPaths = (
			);
			runOnlyForDeploymentPostprocessing = 0;
			shellPath = /bin/sh;
			shellScript = "\"${SRCROOT}/Pods/Target Support Files/Pods-JackpotTests/Pods-JackpotTests-resources.sh\"\n";
			showEnvVarsInLog = 0;
		};
/* End PBXShellScriptBuildPhase section */

/* Begin PBXSourcesBuildPhase section */
		1C02DE6B1F24341C0069915B /* Sources */ = {
			isa = PBXSourcesBuildPhase;
			buildActionMask = 2147483647;
			files = (
				1C8E39441F26AECE001388A4 /* ProfileViewModelUserInfoItem.swift in Sources */,
				1C54B7C21F2801F50076DA1C /* AcceptedViewControllerExtensions.swift in Sources */,
				1C02DEA81F24513B0069915B /* UIViewExtension.swift in Sources */,
				2754D5B91F2959B800D710A0 /* GroupsDTO.swift in Sources */,
				1C23A1731F27150C005BC8CE /* ExploreViewControllerExtensions.swift in Sources */,
				1C8E39401F26ADA5001388A4 /* ProfileViewModelItem.swift in Sources */,
				2754D5BD1F2972F700D710A0 /* EventsDTO.swift in Sources */,
				27AE9ED81F29954400FBB814 /* EventDTO.swift in Sources */,
				1C02DEA61F244C0E0069915B /* LoginViewController.swift in Sources */,
				1C54B7BE1F27FDD50076DA1C /* PendingEventCollectionViewCell.swift in Sources */,
				1C8E39581F26BE5C001388A4 /* UserInfoTableViewCell.swift in Sources */,
				1CD3DDEB1F283BB600916CE3 /* CreateGroupViewController.swift in Sources */,
				2754D5BB1F29661A00D710A0 /* GroupDTO.swift in Sources */,
				1C02DE9F1F243EBF0069915B /* Authentication.swift in Sources */,
				1C02DE771F24341C0069915B /* PendingViewController.swift in Sources */,
				1C02DE731F24341C0069915B /* AppDelegate.swift in Sources */,
				2754D5B71F291FD200D710A0 /* PopPicker.swift in Sources */,
				1C47C9421F27117B00D6316F /* ExploreEventCollectionViewCell.swift in Sources */,
				1C02DEAF1F245D6F0069915B /* AuthenticationDTO.swift in Sources */,
				1C02DEAC1F245D090069915B /* JPHttpClient.swift in Sources */,
				1CF677D31F2A68B900D2E543 /* PopDateViewController.swift in Sources */,
				272959CB1F2851EC00F843C9 /* CreateEventViewController.swift in Sources */,
				1C8E395C1F26C058001388A4 /* GroupTableViewCell.swift in Sources */,
				1C8E393C1F26A612001388A4 /* Group.swift in Sources */,
				1C54B7BC1F27FA850076DA1C /* PendingViewControllerExtensions.swift in Sources */,
				1C02DE971F24358A0069915B /* ProfileViewController.swift in Sources */,
				1CF677CC1F2A683800D2E543 /* PopDatePicker.swift in Sources */,
				27F8650B1F287F5F0058DE9D /* DateExtensions.swift in Sources */,
				1C8E395F1F26C50E001388A4 /* ProfileViewModelExtension.swift in Sources */,
				1C02DEA41F2441A70069915B /* User.swift in Sources */,
				1C9746DB1F267274009AD854 /* SignupViewController.swift in Sources */,
				1C028B991F270C8D00517033 /* Event.swift in Sources */,
				1C8E39421F26AE51001388A4 /* ProfileViewModelItemExtension.swift in Sources */,
				1C8E39491F26B0AA001388A4 /* ProfileViewModel.swift in Sources */,
				1C8E393E1F26ACB2001388A4 /* ProfileViewModelItemType.swift in Sources */,
				1C02DE751F24341C0069915B /* ExploreViewController.swift in Sources */,
				1C02DE9D1F243E730069915B /* TabBarViewController.swift in Sources */,
				2754D5B41F291ACF00D710A0 /* PopPickerViewController.swift in Sources */,
				1C54B7C01F2801CA0076DA1C /* AcceptedEventCollectionViewCell.swift in Sources */,
				1C02DE951F2435640069915B /* AcceptedViewController.swift in Sources */,
				1C8E39461F26AFCF001388A4 /* ProfileViewModelGroupItem.swift in Sources */,
			);
			runOnlyForDeploymentPostprocessing = 0;
		};
		1C02DE811F24341C0069915B /* Sources */ = {
			isa = PBXSourcesBuildPhase;
			buildActionMask = 2147483647;
			files = (
				1C02DE8A1F24341C0069915B /* JackpotTests.swift in Sources */,
			);
			runOnlyForDeploymentPostprocessing = 0;
		};
/* End PBXSourcesBuildPhase section */

/* Begin PBXTargetDependency section */
		1C02DE871F24341C0069915B /* PBXTargetDependency */ = {
			isa = PBXTargetDependency;
			target = 1C02DE6E1F24341C0069915B /* Jackpot */;
			targetProxy = 1C02DE861F24341C0069915B /* PBXContainerItemProxy */;
		};
/* End PBXTargetDependency section */

/* Begin PBXVariantGroup section */
		1C02DE781F24341C0069915B /* Main.storyboard */ = {
			isa = PBXVariantGroup;
			children = (
				1C02DE791F24341C0069915B /* Base */,
			);
			name = Main.storyboard;
			sourceTree = "<group>";
		};
		1C02DE7D1F24341C0069915B /* LaunchScreen.storyboard */ = {
			isa = PBXVariantGroup;
			children = (
				1C02DE7E1F24341C0069915B /* Base */,
			);
			name = LaunchScreen.storyboard;
			sourceTree = "<group>";
		};
/* End PBXVariantGroup section */

/* Begin XCBuildConfiguration section */
		1C02DE8C1F24341C0069915B /* Debug */ = {
			isa = XCBuildConfiguration;
			buildSettings = {
				ALWAYS_SEARCH_USER_PATHS = NO;
				CLANG_ANALYZER_NONNULL = YES;
				CLANG_ANALYZER_NUMBER_OBJECT_CONVERSION = YES_AGGRESSIVE;
				CLANG_CXX_LANGUAGE_STANDARD = "gnu++14";
				CLANG_CXX_LIBRARY = "libc++";
				CLANG_ENABLE_MODULES = YES;
				CLANG_ENABLE_OBJC_ARC = YES;
				CLANG_WARN_BLOCK_CAPTURE_AUTORELEASING = YES;
				CLANG_WARN_BOOL_CONVERSION = YES;
				CLANG_WARN_COMMA = YES;
				CLANG_WARN_CONSTANT_CONVERSION = YES;
				CLANG_WARN_DIRECT_OBJC_ISA_USAGE = YES_ERROR;
				CLANG_WARN_DOCUMENTATION_COMMENTS = YES;
				CLANG_WARN_EMPTY_BODY = YES;
				CLANG_WARN_ENUM_CONVERSION = YES;
				CLANG_WARN_INFINITE_RECURSION = YES;
				CLANG_WARN_INT_CONVERSION = YES;
				CLANG_WARN_OBJC_ROOT_CLASS = YES_ERROR;
				CLANG_WARN_RANGE_LOOP_ANALYSIS = YES;
				CLANG_WARN_STRICT_PROTOTYPES = YES;
				CLANG_WARN_SUSPICIOUS_MOVE = YES;
				CLANG_WARN_UNGUARDED_AVAILABILITY = YES_AGGRESSIVE;
				CLANG_WARN_UNREACHABLE_CODE = YES;
				CLANG_WARN__DUPLICATE_METHOD_MATCH = YES;
				CODE_SIGN_IDENTITY = "iPhone Developer";
				COPY_PHASE_STRIP = NO;
				DEBUG_INFORMATION_FORMAT = dwarf;
				ENABLE_STRICT_OBJC_MSGSEND = YES;
				ENABLE_TESTABILITY = YES;
				GCC_C_LANGUAGE_STANDARD = gnu11;
				GCC_DYNAMIC_NO_PIC = NO;
				GCC_NO_COMMON_BLOCKS = YES;
				GCC_OPTIMIZATION_LEVEL = 0;
				GCC_PREPROCESSOR_DEFINITIONS = (
					"DEBUG=1",
					"$(inherited)",
				);
				GCC_WARN_64_TO_32_BIT_CONVERSION = YES;
				GCC_WARN_ABOUT_RETURN_TYPE = YES_ERROR;
				GCC_WARN_UNDECLARED_SELECTOR = YES;
				GCC_WARN_UNINITIALIZED_AUTOS = YES_AGGRESSIVE;
				GCC_WARN_UNUSED_FUNCTION = YES;
				GCC_WARN_UNUSED_VARIABLE = YES;
				IPHONEOS_DEPLOYMENT_TARGET = 11.0;
				MTL_ENABLE_DEBUG_INFO = YES;
				ONLY_ACTIVE_ARCH = YES;
				SDKROOT = iphoneos;
				SWIFT_ACTIVE_COMPILATION_CONDITIONS = DEBUG;
				SWIFT_OPTIMIZATION_LEVEL = "-Onone";
			};
			name = Debug;
		};
		1C02DE8D1F24341C0069915B /* Release */ = {
			isa = XCBuildConfiguration;
			buildSettings = {
				ALWAYS_SEARCH_USER_PATHS = NO;
				CLANG_ANALYZER_NONNULL = YES;
				CLANG_ANALYZER_NUMBER_OBJECT_CONVERSION = YES_AGGRESSIVE;
				CLANG_CXX_LANGUAGE_STANDARD = "gnu++14";
				CLANG_CXX_LIBRARY = "libc++";
				CLANG_ENABLE_MODULES = YES;
				CLANG_ENABLE_OBJC_ARC = YES;
				CLANG_WARN_BLOCK_CAPTURE_AUTORELEASING = YES;
				CLANG_WARN_BOOL_CONVERSION = YES;
				CLANG_WARN_COMMA = YES;
				CLANG_WARN_CONSTANT_CONVERSION = YES;
				CLANG_WARN_DIRECT_OBJC_ISA_USAGE = YES_ERROR;
				CLANG_WARN_DOCUMENTATION_COMMENTS = YES;
				CLANG_WARN_EMPTY_BODY = YES;
				CLANG_WARN_ENUM_CONVERSION = YES;
				CLANG_WARN_INFINITE_RECURSION = YES;
				CLANG_WARN_INT_CONVERSION = YES;
				CLANG_WARN_OBJC_ROOT_CLASS = YES_ERROR;
				CLANG_WARN_RANGE_LOOP_ANALYSIS = YES;
				CLANG_WARN_STRICT_PROTOTYPES = YES;
				CLANG_WARN_SUSPICIOUS_MOVE = YES;
				CLANG_WARN_UNGUARDED_AVAILABILITY = YES_AGGRESSIVE;
				CLANG_WARN_UNREACHABLE_CODE = YES;
				CLANG_WARN__DUPLICATE_METHOD_MATCH = YES;
				CODE_SIGN_IDENTITY = "iPhone Developer";
				COPY_PHASE_STRIP = NO;
				DEBUG_INFORMATION_FORMAT = "dwarf-with-dsym";
				ENABLE_NS_ASSERTIONS = NO;
				ENABLE_STRICT_OBJC_MSGSEND = YES;
				GCC_C_LANGUAGE_STANDARD = gnu11;
				GCC_NO_COMMON_BLOCKS = YES;
				GCC_WARN_64_TO_32_BIT_CONVERSION = YES;
				GCC_WARN_ABOUT_RETURN_TYPE = YES_ERROR;
				GCC_WARN_UNDECLARED_SELECTOR = YES;
				GCC_WARN_UNINITIALIZED_AUTOS = YES_AGGRESSIVE;
				GCC_WARN_UNUSED_FUNCTION = YES;
				GCC_WARN_UNUSED_VARIABLE = YES;
				IPHONEOS_DEPLOYMENT_TARGET = 11.0;
				MTL_ENABLE_DEBUG_INFO = NO;
				SDKROOT = iphoneos;
				SWIFT_OPTIMIZATION_LEVEL = "-Owholemodule";
				VALIDATE_PRODUCT = YES;
			};
			name = Release;
		};
		1C02DE8F1F24341C0069915B /* Debug */ = {
			isa = XCBuildConfiguration;
			baseConfigurationReference = 1F960D45400F3577CF6843DC /* Pods-Jackpot.debug.xcconfig */;
			buildSettings = {
				ASSETCATALOG_COMPILER_APPICON_NAME = AppIcon;
				DEVELOPMENT_TEAM = ZATXB6RXLN;
				INFOPLIST_FILE = Jackpot/Info.plist;
				IPHONEOS_DEPLOYMENT_TARGET = 9.0;
				LD_RUNPATH_SEARCH_PATHS = "$(inherited) @executable_path/Frameworks";
				PRODUCT_BUNDLE_IDENTIFIER = jackpot.lottery.Jackpot;
				PRODUCT_NAME = "$(TARGET_NAME)";
				SWIFT_VERSION = 4.0;
				TARGETED_DEVICE_FAMILY = "1,2";
			};
			name = Debug;
		};
		1C02DE901F24341C0069915B /* Release */ = {
			isa = XCBuildConfiguration;
			baseConfigurationReference = 75B0F194E72E39DE5F0821A8 /* Pods-Jackpot.release.xcconfig */;
			buildSettings = {
				ASSETCATALOG_COMPILER_APPICON_NAME = AppIcon;
				DEVELOPMENT_TEAM = ZATXB6RXLN;
				INFOPLIST_FILE = Jackpot/Info.plist;
				IPHONEOS_DEPLOYMENT_TARGET = 9.0;
				LD_RUNPATH_SEARCH_PATHS = "$(inherited) @executable_path/Frameworks";
				PRODUCT_BUNDLE_IDENTIFIER = jackpot.lottery.Jackpot;
				PRODUCT_NAME = "$(TARGET_NAME)";
				SWIFT_VERSION = 4.0;
				TARGETED_DEVICE_FAMILY = "1,2";
			};
			name = Release;
		};
		1C02DE921F24341C0069915B /* Debug */ = {
			isa = XCBuildConfiguration;
			baseConfigurationReference = 22BA640684B7E0DA4C307478 /* Pods-JackpotTests.debug.xcconfig */;
			buildSettings = {
				ALWAYS_EMBED_SWIFT_STANDARD_LIBRARIES = YES;
				BUNDLE_LOADER = "$(TEST_HOST)";
				DEVELOPMENT_TEAM = ZATXB6RXLN;
				INFOPLIST_FILE = JackpotTests/Info.plist;
				LD_RUNPATH_SEARCH_PATHS = "$(inherited) @executable_path/Frameworks @loader_path/Frameworks";
				PRODUCT_BUNDLE_IDENTIFIER = jackpot.lottery.JackpotTests;
				PRODUCT_NAME = "$(TARGET_NAME)";
				SWIFT_VERSION = 4.0;
				TARGETED_DEVICE_FAMILY = "1,2";
				TEST_HOST = "$(BUILT_PRODUCTS_DIR)/Jackpot.app/Jackpot";
			};
			name = Debug;
		};
		1C02DE931F24341C0069915B /* Release */ = {
			isa = XCBuildConfiguration;
			baseConfigurationReference = 63CC9F8AD1171DC02C0D8075 /* Pods-JackpotTests.release.xcconfig */;
			buildSettings = {
				ALWAYS_EMBED_SWIFT_STANDARD_LIBRARIES = YES;
				BUNDLE_LOADER = "$(TEST_HOST)";
				DEVELOPMENT_TEAM = ZATXB6RXLN;
				INFOPLIST_FILE = JackpotTests/Info.plist;
				LD_RUNPATH_SEARCH_PATHS = "$(inherited) @executable_path/Frameworks @loader_path/Frameworks";
				PRODUCT_BUNDLE_IDENTIFIER = jackpot.lottery.JackpotTests;
				PRODUCT_NAME = "$(TARGET_NAME)";
				SWIFT_VERSION = 4.0;
				TARGETED_DEVICE_FAMILY = "1,2";
				TEST_HOST = "$(BUILT_PRODUCTS_DIR)/Jackpot.app/Jackpot";
			};
			name = Release;
		};
/* End XCBuildConfiguration section */

/* Begin XCConfigurationList section */
		1C02DE6A1F24341B0069915B /* Build configuration list for PBXProject "Jackpot" */ = {
			isa = XCConfigurationList;
			buildConfigurations = (
				1C02DE8C1F24341C0069915B /* Debug */,
				1C02DE8D1F24341C0069915B /* Release */,
			);
			defaultConfigurationIsVisible = 0;
			defaultConfigurationName = Release;
		};
		1C02DE8E1F24341C0069915B /* Build configuration list for PBXNativeTarget "Jackpot" */ = {
			isa = XCConfigurationList;
			buildConfigurations = (
				1C02DE8F1F24341C0069915B /* Debug */,
				1C02DE901F24341C0069915B /* Release */,
			);
			defaultConfigurationIsVisible = 0;
			defaultConfigurationName = Release;
		};
		1C02DE911F24341C0069915B /* Build configuration list for PBXNativeTarget "JackpotTests" */ = {
			isa = XCConfigurationList;
			buildConfigurations = (
				1C02DE921F24341C0069915B /* Debug */,
				1C02DE931F24341C0069915B /* Release */,
			);
			defaultConfigurationIsVisible = 0;
			defaultConfigurationName = Release;
		};
/* End XCConfigurationList section */
	};
	rootObject = 1C02DE671F24341B0069915B /* Project object */;
}
